
Microsoft Visual Studio Solution File, Format Version 12.00
# Visual Studio 15
VisualStudioVersion = 15.0.27004.2005
MinimumVisualStudioVersion = 10.0.40219.1
Project("{8BC9CEB8-8B4A-11D0-8D11-00A0C91BC942}") = "TrollDataTest", "TrollDataTest\TrollDataTest.vcxproj", "{48D2F2FD-39A3-412D-9C9F-F26EBB44AF70}"
EndProject
Global
	GlobalSection(SolutionConfigurationPlatforms) = preSolution
		Debug|x64 = Debug|x64
		Debug|x86 = Debug|x86
		Release|x64 = Release|x64
		Release|x86 = Release|x86
	EndGlobalSection
	GlobalSection(ProjectConfigurationPlatforms) = postSolution
		{48D2F2FD-39A3-412D-9C9F-F26EBB44AF70}.Debug|x64.ActiveCfg = Debug|x64
		{48D2F2FD-39A3-412D-9C9F-F26EBB44AF70}.Debug|x64.Build.0 = Debug|x64
		{48D2F2FD-39A3-412D-9C9F-F26EBB44AF70}.Debug|x86.ActiveCfg = Debug|Win32
		{48D2F2FD-39A3-412D-9C9F-F26EBB44AF70}.Debug|x86.Build.0 = Debug|Win32
		{48D2F2FD-39A3-412D-9C9F-F26EBB44AF70}.Release|x64.ActiveCfg = Release|x64
		{48D2F2FD-39A3-412D-9C9F-F26EBB44AF70}.Release|x64.Build.0 = Release|x64
		{48D2F2FD-39A3-412D-9C9F-F26EBB44AF70}.Release|x86.ActiveCfg = Release|Win32
		{48D2F2FD-39A3-412D-9C9F-F26EBB44AF70}.Release|x86.Build.0 = Release|Win32
	EndGlobalSection
	GlobalSection(SolutionProperties) = preSolution
		HideSolutionNode = FALSE
	EndGlobalSection
	GlobalSection(ExtensibilityGlobals) = postSolution
		SolutionGuid = {8B78D593-EF63-4A72-9434-3D3522A2D4D4}
	EndGlobalSection
EndGlobal
